Microsoft Visual Studio Solution File, Format Version 12.00
# Visual Studio Version 17
VisualStudioVersion = 17.0.31611.283
MinimumVisualStudioVersion = 10.0.40219.1
Project("{9A19103F-16F7-4668-BE54-9A1E7A4F7556}") = "BarcodeSDK.MAUI.Example", "BarcodeSDK.MAUI.Example\BarcodeSDK.MAUI.Example.csproj", "{FB3143CA-07AE-4914-9676-1F9FE52484ED}"
EndProject
Project("{9A19103F-16F7-4668-BE54-9A1E7A4F7556}") = "BarcodeSDK.NET.Droid.Example", "BarcodeSDK.NET.Droid.Example\BarcodeSDK.NET.Droid.Example.csproj", "{153D974E-6092-4B81-976A-F2A4CE1AE47C}"
EndProject
Project("{9A19103F-16F7-4668-BE54-9A1E7A4F7556}") = "BarcodeSDK.NET.iOS.Example", "BarcodeSDK.NET.iOS.Example\BarcodeSDK.NET.iOS.Example.csproj", "{6BA8D7C9-5F96-4B7B-9A66-6EF128491A98}"
EndProject
Global
	GlobalSection(SolutionConfigurationPlatforms) = preSolution
		Debug|ARM64 = Debug|ARM64
		Debug|x64 = Debug|x64
		Release|ARM64 = Release|ARM64
		Release|x64 = Release|x64
	EndGlobalSection
	GlobalSection(ProjectConfigurationPlatforms) = postSolution
		{FB3143CA-07AE-4914-9676-1F9FE52484ED}.Debug|ARM64.ActiveCfg = Debug|ARM64
		{FB3143CA-07AE-4914-9676-1F9FE52484ED}.Debug|ARM64.Build.0 = Debug|ARM64
		{FB3143CA-07AE-4914-9676-1F9FE52484ED}.Debug|ARM64.Deploy.0 = Debug|ARM64
		{FB3143CA-07AE-4914-9676-1F9FE52484ED}.Debug|x64.ActiveCfg = Debug|x64
		{FB3143CA-07AE-4914-9676-1F9FE52484ED}.Debug|x64.Build.0 = Debug|x64
		{FB3143CA-07AE-4914-9676-1F9FE52484ED}.Debug|x64.Deploy.0 = Debug|x64
		{FB3143CA-07AE-4914-9676-1F9FE52484ED}.Release|ARM64.ActiveCfg = Release|Any CPU
		{FB3143CA-07AE-4914-9676-1F9FE52484ED}.Release|ARM64.Build.0 = Release|Any CPU
		{FB3143CA-07AE-4914-9676-1F9FE52484ED}.Release|x64.ActiveCfg = Release|Any CPU
		{FB3143CA-07AE-4914-9676-1F9FE52484ED}.Release|x64.Build.0 = Release|Any CPU
		{153D974E-6092-4B81-976A-F2A4CE1AE47C}.Debug|ARM64.ActiveCfg = Debug|ARM64
		{153D974E-6092-4B81-976A-F2A4CE1AE47C}.Debug|ARM64.Build.0 = Debug|ARM64
		{153D974E-6092-4B81-976A-F2A4CE1AE47C}.Debug|ARM64.Deploy.0 = Debug|ARM64
		{153D974E-6092-4B81-976A-F2A4CE1AE47C}.Debug|x64.ActiveCfg = Debug|x64
		{153D974E-6092-4B81-976A-F2A4CE1AE47C}.Debug|x64.Build.0 = Debug|x64
		{153D974E-6092-4B81-976A-F2A4CE1AE47C}.Debug|x64.Deploy.0 = Debug|x64
		{153D974E-6092-4B81-976A-F2A4CE1AE47C}.Release|ARM64.ActiveCfg = Release|Any CPU
		{153D974E-6092-4B81-976A-F2A4CE1AE47C}.Release|ARM64.Build.0 = Release|Any CPU
		{153D974E-6092-4B81-976A-F2A4CE1AE47C}.Release|x64.ActiveCfg = Release|Any CPU
		{153D974E-6092-4B81-976A-F2A4CE1AE47C}.Release|x64.Build.0 = Release|Any CPU
		{6BA8D7C9-5F96-4B7B-9A66-6EF128491A98}.Debug|ARM64.ActiveCfg = Debug|ARM64
		{6BA8D7C9-5F96-4B7B-9A66-6EF128491A98}.Debug|ARM64.Build.0 = Debug|ARM64
		{6BA8D7C9-5F96-4B7B-9A66-6EF128491A98}.Debug|ARM64.Deploy.0 = Debug|ARM64
		{6BA8D7C9-5F96-4B7B-9A66-6EF128491A98}.Debug|x64.ActiveCfg = Debug|x64
		{6BA8D7C9-5F96-4B7B-9A66-6EF128491A98}.Debug|x64.Build.0 = Debug|x64
		{6BA8D7C9-5F96-4B7B-9A66-6EF128491A98}.Debug|x64.Deploy.0 = Debug|x64
		{6BA8D7C9-5F96-4B7B-9A66-6EF128491A98}.Release|ARM64.ActiveCfg = Release|Any CPU
		{6BA8D7C9-5F96-4B7B-9A66-6EF128491A98}.Release|ARM64.Build.0 = Release|Any CPU
		{6BA8D7C9-5F96-4B7B-9A66-6EF128491A98}.Release|x64.ActiveCfg = Release|Any CPU
		{6BA8D7C9-5F96-4B7B-9A66-6EF128491A98}.Release|x64.Build.0 = Release|Any CPU
	EndGlobalSection
	GlobalSection(SolutionProperties) = preSolution
		HideSolutionNode = FALSE
	EndGlobalSection
	GlobalSection(ExtensibilityGlobals) = postSolution
		SolutionGuid = {61F7FB11-1E47-470C-91E2-47F8143E1572}
	EndGlobalSection
EndGlobal
