Microsoft Visual Studio Solution File, Format Version 12.00
# Visual Studio Version 17
VisualStudioVersion = 17.0.31611.283
MinimumVisualStudioVersion = 10.0.40219.1
Project("{FAE04EC0-301F-11D3-BF4B-00C04F79EFBC}") = "BarcodeSDK.MAUI.Example", "BarcodeSDK.MAUI.Example\BarcodeSDK.MAUI.Example.csproj", "{B000D02E-0155-4268-8A83-F7B3F464969E}"
EndProject
Project("{FAE04EC0-301F-11D3-BF4B-00C04F79EFBC}") = "BarcodeSDK.NET.Droid.Example", "BarcodeSDK.NET.Droid.Example\BarcodeSDK.NET.Droid.Example.csproj", "{D82E2B6A-BA8F-4202-A2CA-30AF13562A2E}"
EndProject
Project("{FAE04EC0-301F-11D3-BF4B-00C04F79EFBC}") = "BarcodeSDK.NET.iOS.Example", "BarcodeSDK.NET.iOS.Example\BarcodeSDK.NET.iOS.Example.csproj", "{56E2576A-0724-4B25-B978-2BE5FB366C00}"
EndProject
Global
	GlobalSection(SolutionConfigurationPlatforms) = preSolution
						Debug|Any CPU = Debug|Any CPU
						Release|Any CPU = Release|Any CPU
	EndGlobalSection
	GlobalSection(ProjectConfigurationPlatforms) = postSolution
		{B000D02E-0155-4268-8A83-F7B3F464969E}.Debug|Any CPU.ActiveCfg = Debug|Any CPU
		{B000D02E-0155-4268-8A83-F7B3F464969E}.Debug|Any CPU.Build.0 = Debug|Any CPU
		{B000D02E-0155-4268-8A83-F7B3F464969E}.Release|Any CPU.ActiveCfg = Release|Any CPU
		{B000D02E-0155-4268-8A83-F7B3F464969E}.Release|Any CPU.Build.0 = Release|Any CPU
		{D82E2B6A-BA8F-4202-A2CA-30AF13562A2E}.Debug|Any CPU.ActiveCfg = Debug|Any CPU
		{D82E2B6A-BA8F-4202-A2CA-30AF13562A2E}.Debug|Any CPU.Build.0 = Debug|Any CPU
		{D82E2B6A-BA8F-4202-A2CA-30AF13562A2E}.Release|Any CPU.ActiveCfg = Release|Any CPU
		{D82E2B6A-BA8F-4202-A2CA-30AF13562A2E}.Release|Any CPU.Build.0 = Release|Any CPU
		{56E2576A-0724-4B25-B978-2BE5FB366C00}.Debug|Any CPU.ActiveCfg = Debug|Any CPU
		{56E2576A-0724-4B25-B978-2BE5FB366C00}.Debug|Any CPU.Build.0 = Debug|Any CPU
		{56E2576A-0724-4B25-B978-2BE5FB366C00}.Release|Any CPU.ActiveCfg = Release|Any CPU
		{56E2576A-0724-4B25-B978-2BE5FB366C00}.Release|Any CPU.Build.0 = Release|Any CPU
	EndGlobalSection
	GlobalSection(SolutionProperties) = preSolution
		HideSolutionNode = FALSE
	EndGlobalSection
	GlobalSection(ExtensibilityGlobals) = postSolution
		SolutionGuid = {61F7FB11-1E47-470C-91E2-47F8143E1572}
	EndGlobalSection
EndGlobal
