
Microsoft Visual Studio Solution File, Format Version 12.00
# Visual Studio Version 16
VisualStudioVersion = 25.0.1705.7
MinimumVisualStudioVersion = 10.0.40219.1
Project("{FAE04EC0-301F-11D3-BF4B-00C04F79EFBC}") = "BarcodeSDK.MAUI.Example", "BarcodeSDK.MAUI.Example.csproj", "{6FF8031B-E541-46C9-AE48-C90C0B59BF85}"
EndProject
Global
	GlobalSection(SolutionConfigurationPlatforms) = preSolution
		Debug|Any CPU = Debug|Any CPU
		Release|Any CPU = Release|Any CPU
	EndGlobalSection
	GlobalSection(ProjectConfigurationPlatforms) = postSolution
		{6FF8031B-E541-46C9-AE48-C90C0B59BF85}.Debug|Any CPU.ActiveCfg = Debug|Any CPU
		{6FF8031B-E541-46C9-AE48-C90C0B59BF85}.Debug|Any CPU.Build.0 = Debug|Any CPU
		{6FF8031B-E541-46C9-AE48-C90C0B59BF85}.Release|Any CPU.ActiveCfg = Release|Any CPU
		{6FF8031B-E541-46C9-AE48-C90C0B59BF85}.Release|Any CPU.Build.0 = Release|Any CPU
	EndGlobalSection
	GlobalSection(SolutionProperties) = preSolution
		HideSolutionNode = FALSE
	EndGlobalSection
	GlobalSection(ExtensibilityGlobals) = postSolution
		SolutionGuid = {0C3E401C-E06C-4788-8895-D3DE96954E66}
	EndGlobalSection
EndGlobal
