
Microsoft Visual Studio Solution File, Format Version 12.00
Project("{FAE04EC0-301F-11D3-BF4B-00C04F79EFBC}") = "Xamarin.Accompanist.Insets", "Xamarin.Accompanist.Insets\Xamarin.Accompanist.Insets.csproj", "{6996126C-9E5D-45CF-A23E-A35F863AF013}"
EndProject
Global
	GlobalSection(SolutionConfigurationPlatforms) = preSolution
		Debug|Any CPU = Debug|Any CPU
		Release|Any CPU = Release|Any CPU
	EndGlobalSection
	GlobalSection(ProjectConfigurationPlatforms) = postSolution
		{6996126C-9E5D-45CF-A23E-A35F863AF013}.Debug|Any CPU.ActiveCfg = Debug|Any CPU
		{6996126C-9E5D-45CF-A23E-A35F863AF013}.Debug|Any CPU.Build.0 = Debug|Any CPU
		{6996126C-9E5D-45CF-A23E-A35F863AF013}.Release|Any CPU.ActiveCfg = Release|Any CPU
		{6996126C-9E5D-45CF-A23E-A35F863AF013}.Release|Any CPU.Build.0 = Release|Any CPU
	EndGlobalSection
EndGlobal
